
Microsoft Visual Studio Solution File, Format Version 12.00
Project("{2150E333-8FDC-42A3-9474-1A3956D46DE8}") = "AuthenticationService", "AuthenticationService", "{D3ACB851-5A62-4135-8FC4-F336B05B4637}"
EndProject
Project("{FAE04EC0-301F-11D3-BF4B-00C04F79EFBC}") = "API", "API\API.csproj", "{C70B9B2C-D574-4549-BE80-F1F998741C3F}"
EndProject
Project("{FAE04EC0-301F-11D3-BF4B-00C04F79EFBC}") = "Domain", "Domain\Domain.csproj", "{C0D33AB2-311A-4EE4-8D01-B53F063F1686}"
EndProject
Project("{FAE04EC0-301F-11D3-BF4B-00C04F79EFBC}") = "Infrastructure", "Infrastructure\Infrastructure.csproj", "{E6B01055-AA1B-43F0-957C-85BA8AB8BA44}"
EndProject
Project("{FAE04EC0-301F-11D3-BF4B-00C04F79EFBC}") = "Application", "Application\Application.csproj", "{41BF198A-E2C3-4603-BC71-54D806797FC7}"
EndProject
Project("{2150E333-8FDC-42A3-9474-1A3956D46DE8}") = "EmailService", "EmailService", "{79550C86-E291-4986-BB6D-669878DCC543}"
EndProject
Project("{FAE04EC0-301F-11D3-BF4B-00C04F79EFBC}") = "Services", "Services\Services.csproj", "{1E2A3C36-2D84-437E-B225-551DEC8F4050}"
EndProject
Project("{FAE04EC0-301F-11D3-BF4B-00C04F79EFBC}") = "SharedConfig", "SharedConfig\SharedConfig.csproj", "{A1BEA9C9-5E74-4245-B649-78AAE7A9FA0C}"
EndProject
Global
	GlobalSection(SolutionConfigurationPlatforms) = preSolution
		Debug|Any CPU = Debug|Any CPU
		Release|Any CPU = Release|Any CPU
	EndGlobalSection
	GlobalSection(NestedProjects) = preSolution
		{C70B9B2C-D574-4549-BE80-F1F998741C3F} = {D3ACB851-5A62-4135-8FC4-F336B05B4637}
		{C0D33AB2-311A-4EE4-8D01-B53F063F1686} = {D3ACB851-5A62-4135-8FC4-F336B05B4637}
		{E6B01055-AA1B-43F0-957C-85BA8AB8BA44} = {D3ACB851-5A62-4135-8FC4-F336B05B4637}
		{41BF198A-E2C3-4603-BC71-54D806797FC7} = {D3ACB851-5A62-4135-8FC4-F336B05B4637}
		{1E2A3C36-2D84-437E-B225-551DEC8F4050} = {79550C86-E291-4986-BB6D-669878DCC543}
	EndGlobalSection
	GlobalSection(ProjectConfigurationPlatforms) = postSolution
		{C70B9B2C-D574-4549-BE80-F1F998741C3F}.Debug|Any CPU.ActiveCfg = Debug|Any CPU
		{C70B9B2C-D574-4549-BE80-F1F998741C3F}.Debug|Any CPU.Build.0 = Debug|Any CPU
		{C70B9B2C-D574-4549-BE80-F1F998741C3F}.Release|Any CPU.ActiveCfg = Release|Any CPU
		{C70B9B2C-D574-4549-BE80-F1F998741C3F}.Release|Any CPU.Build.0 = Release|Any CPU
		{C0D33AB2-311A-4EE4-8D01-B53F063F1686}.Debug|Any CPU.ActiveCfg = Debug|Any CPU
		{C0D33AB2-311A-4EE4-8D01-B53F063F1686}.Debug|Any CPU.Build.0 = Debug|Any CPU
		{C0D33AB2-311A-4EE4-8D01-B53F063F1686}.Release|Any CPU.ActiveCfg = Release|Any CPU
		{C0D33AB2-311A-4EE4-8D01-B53F063F1686}.Release|Any CPU.Build.0 = Release|Any CPU
		{E6B01055-AA1B-43F0-957C-85BA8AB8BA44}.Debug|Any CPU.ActiveCfg = Debug|Any CPU
		{E6B01055-AA1B-43F0-957C-85BA8AB8BA44}.Debug|Any CPU.Build.0 = Debug|Any CPU
		{E6B01055-AA1B-43F0-957C-85BA8AB8BA44}.Release|Any CPU.ActiveCfg = Release|Any CPU
		{E6B01055-AA1B-43F0-957C-85BA8AB8BA44}.Release|Any CPU.Build.0 = Release|Any CPU
		{41BF198A-E2C3-4603-BC71-54D806797FC7}.Debug|Any CPU.ActiveCfg = Debug|Any CPU
		{41BF198A-E2C3-4603-BC71-54D806797FC7}.Debug|Any CPU.Build.0 = Debug|Any CPU
		{41BF198A-E2C3-4603-BC71-54D806797FC7}.Release|Any CPU.ActiveCfg = Release|Any CPU
		{41BF198A-E2C3-4603-BC71-54D806797FC7}.Release|Any CPU.Build.0 = Release|Any CPU
		{1E2A3C36-2D84-437E-B225-551DEC8F4050}.Debug|Any CPU.ActiveCfg = Debug|Any CPU
		{1E2A3C36-2D84-437E-B225-551DEC8F4050}.Debug|Any CPU.Build.0 = Debug|Any CPU
		{1E2A3C36-2D84-437E-B225-551DEC8F4050}.Release|Any CPU.ActiveCfg = Release|Any CPU
		{1E2A3C36-2D84-437E-B225-551DEC8F4050}.Release|Any CPU.Build.0 = Release|Any CPU
		{A1BEA9C9-5E74-4245-B649-78AAE7A9FA0C}.Debug|Any CPU.ActiveCfg = Debug|Any CPU
		{A1BEA9C9-5E74-4245-B649-78AAE7A9FA0C}.Debug|Any CPU.Build.0 = Debug|Any CPU
		{A1BEA9C9-5E74-4245-B649-78AAE7A9FA0C}.Release|Any CPU.ActiveCfg = Release|Any CPU
		{A1BEA9C9-5E74-4245-B649-78AAE7A9FA0C}.Release|Any CPU.Build.0 = Release|Any CPU
	EndGlobalSection
EndGlobal
